// !$*UTF8*$!
{
	archiveVersion = 1;
	classes = {
	};
	objectVersion = 77;
	objects = {

/* Begin PBXBuildFile section */
		C115D6532F37C84100A918C5 /* ChatViewApp.swift in Sources */ = {isa = PBXBuildFile; fileRef = C115D6432F37C84100A918C5 /* ChatViewApp.swift */; };
		C115D6542F37C84100A918C5 /* ContentView.swift in Sources */ = {isa = PBXBuildFile; fileRef = C115D6442F37C84100A918C5 /* ContentView.swift */; };
		C115D6552F37C84100A918C5 /* Item.swift in Sources */ = {isa = PBXBuildFile; fileRef = C115D64C2F37C84100A918C5 /* Item.swift */; };
		C115D6562F37C84100A918C5 /* Assets.xcassets in Resources */ = {isa = PBXBuildFile; fileRef = C115D6502F37C84100A918C5 /* Assets.xcassets */; };
		C115D6712F387A2600A918C5 /* ChatInputView.swift in Sources */ = {isa = PBXBuildFile; fileRef = C115D66A2F387A2600A918C5 /* ChatInputView.swift */; };
		C115D6722F387A2600A918C5 /* ChatConstants.swift in Sources */ = {isa = PBXBuildFile; fileRef = C115D6642F387A2600A918C5 /* ChatConstants.swift */; };
		C115D6732F387A2600A918C5 /* ChatListView.swift in Sources */ = {isa = PBXBuildFile; fileRef = C115D66B2F387A2600A918C5 /* ChatListView.swift */; };
		C115D6742F387A2600A918C5 /* ChatListViewModel.swift in Sources */ = {isa = PBXBuildFile; fileRef = C115D6662F387A2600A918C5 /* ChatListViewModel.swift */; };
		C115D6752F387A2600A918C5 /* ChatModels.swift in Sources */ = {isa = PBXBuildFile; fileRef = C115D65E2F387A2600A918C5 /* ChatModels.swift */; };
		C115D6762F387A2600A918C5 /* ChatService.swift in Sources */ = {isa = PBXBuildFile; fileRef = C115D6612F387A2600A918C5 /* ChatService.swift */; };
		C115D6772F387A2600A918C5 /* MediaPreviewView.swift in Sources */ = {isa = PBXBuildFile; fileRef = C115D66D2F387A2600A918C5 /* MediaPreviewView.swift */; };
		C115D6782F387A2600A918C5 /* ChatViewModel.swift in Sources */ = {isa = PBXBuildFile; fileRef = C115D6672F387A2600A918C5 /* ChatViewModel.swift */; };
		C115D6792F387A2600A918C5 /* ChatDetailView.swift in Sources */ = {isa = PBXBuildFile; fileRef = C115D6692F387A2600A918C5 /* ChatDetailView.swift */; };
		C115D67A2F387A2600A918C5 /* MessageBubbleView.swift in Sources */ = {isa = PBXBuildFile; fileRef = C115D66E2F387A2600A918C5 /* MessageBubbleView.swift */; };
		C115D67B2F387A2600A918C5 /* GroupChatCreationView.swift in Sources */ = {isa = PBXBuildFile; fileRef = C115D66C2F387A2600A918C5 /* GroupChatCreationView.swift */; };
		C115D67C2F387A2600A918C5 /* MockChatService.swift in Sources */ = {isa = PBXBuildFile; fileRef = C115D6622F387A2600A918C5 /* MockChatService.swift */; };
		C1B298FB2F3882AB00E4E57D /* GoogleService-Info.plist in Resources */ = {isa = PBXBuildFile; fileRef = C1B298FA2F3882AB00E4E57D /* GoogleService-Info.plist */; };
		C1B299382F39950100E4E57D /* FirebaseAI in Frameworks */ = {isa = PBXBuildFile; productRef = C1B299372F39950100E4E57D /* FirebaseAI */; };
		C1B2993A2F39950100E4E57D /* FirebaseAILogic in Frameworks */ = {isa = PBXBuildFile; productRef = C1B299392F39950100E4E57D /* FirebaseAILogic */; };
		C1B2993C2F39950100E4E57D /* FirebaseAnalytics in Frameworks */ = {isa = PBXBuildFile; productRef = C1B2993B2F39950100E4E57D /* FirebaseAnalytics */; };
		C1B2993E2F39950100E4E57D /* FirebaseAnalyticsCore in Frameworks */ = {isa = PBXBuildFile; productRef = C1B2993D2F39950100E4E57D /* FirebaseAnalyticsCore */; };
		C1B299402F39950100E4E57D /* FirebaseAnalyticsIdentitySupport in Frameworks */ = {isa = PBXBuildFile; productRef = C1B2993F2F39950100E4E57D /* FirebaseAnalyticsIdentitySupport */; };
		C1B299422F39950100E4E57D /* FirebaseAppCheck in Frameworks */ = {isa = PBXBuildFile; productRef = C1B299412F39950100E4E57D /* FirebaseAppCheck */; };
		C1B299442F39950100E4E57D /* FirebaseAppDistribution-Beta in Frameworks */ = {isa = PBXBuildFile; productRef = C1B299432F39950100E4E57D /* FirebaseAppDistribution-Beta */; };
		C1B299462F39950100E4E57D /* FirebaseAuth in Frameworks */ = {isa = PBXBuildFile; productRef = C1B299452F39950100E4E57D /* FirebaseAuth */; };
		C1B299482F39950100E4E57D /* FirebaseAuthCombine-Community in Frameworks */ = {isa = PBXBuildFile; productRef = C1B299472F39950100E4E57D /* FirebaseAuthCombine-Community */; };
		C1B2994A2F39950100E4E57D /* FirebaseCore in Frameworks */ = {isa = PBXBuildFile; productRef = C1B299492F39950100E4E57D /* FirebaseCore */; };
		C1B2994C2F39950100E4E57D /* FirebaseCrashlytics in Frameworks */ = {isa = PBXBuildFile; productRef = C1B2994B2F39950100E4E57D /* FirebaseCrashlytics */; };
		C1B2994E2F39950100E4E57D /* FirebaseDatabase in Frameworks */ = {isa = PBXBuildFile; productRef = C1B2994D2F39950100E4E57D /* FirebaseDatabase */; };
		C1B299502F39950100E4E57D /* FirebaseFirestore in Frameworks */ = {isa = PBXBuildFile; productRef = C1B2994F2F39950100E4E57D /* FirebaseFirestore */; };
		C1B299522F39950100E4E57D /* FirebaseFirestoreCombine-Community in Frameworks */ = {isa = PBXBuildFile; productRef = C1B299512F39950100E4E57D /* FirebaseFirestoreCombine-Community */; };
		C1B299542F39950100E4E57D /* FirebaseFunctions in Frameworks */ = {isa = PBXBuildFile; productRef = C1B299532F39950100E4E57D /* FirebaseFunctions */; };
		C1B299562F39950100E4E57D /* FirebaseFunctionsCombine-Community in Frameworks */ = {isa = PBXBuildFile; productRef = C1B299552F39950100E4E57D /* FirebaseFunctionsCombine-Community */; };
		C1B2995A2F39950100E4E57D /* FirebaseInstallations in Frameworks */ = {isa = PBXBuildFile; productRef = C1B299592F39950100E4E57D /* FirebaseInstallations */; };
		C1B2995C2F39950100E4E57D /* FirebaseMLModelDownloader in Frameworks */ = {isa = PBXBuildFile; productRef = C1B2995B2F39950100E4E57D /* FirebaseMLModelDownloader */; };
		C1B2995E2F39950100E4E57D /* FirebaseMessaging in Frameworks */ = {isa = PBXBuildFile; productRef = C1B2995D2F39950100E4E57D /* FirebaseMessaging */; };
		C1B299602F39950100E4E57D /* FirebasePerformance in Frameworks */ = {isa = PBXBuildFile; productRef = C1B2995F2F39950100E4E57D /* FirebasePerformance */; };
		C1B299622F39950100E4E57D /* FirebaseRemoteConfig in Frameworks */ = {isa = PBXBuildFile; productRef = C1B299612F39950100E4E57D /* FirebaseRemoteConfig */; };
		C1B299642F39950100E4E57D /* FirebaseStorage in Frameworks */ = {isa = PBXBuildFile; productRef = C1B299632F39950100E4E57D /* FirebaseStorage */; };
		C1B299662F39950100E4E57D /* FirebaseStorageCombine-Community in Frameworks */ = {isa = PBXBuildFile; productRef = C1B299652F39950100E4E57D /* FirebaseStorageCombine-Community */; };
		C1B299682F39958400E4E57D /* FirebaseChatService.swift in Sources */ = {isa = PBXBuildFile; fileRef = C1B299672F39958400E4E57D /* FirebaseChatService.swift */; };
		C1B2996E2F3A079500E4E57D /* ChatCardView.swift in Sources */ = {isa = PBXBuildFile; fileRef = C1B2996D2F3A079500E4E57D /* ChatCardView.swift */; };
		C1B299862F3A1CA600E4E57D /* NavigationCoordinator.swift in Sources */ = {isa = PBXBuildFile; fileRef = C1B299842F3A1CA600E4E57D /* NavigationCoordinator.swift */; };
		C1B299872F3A1CA600E4E57D /* NavigationRoot.swift in Sources */ = {isa = PBXBuildFile; fileRef = C1B299852F3A1CA600E4E57D /* NavigationRoot.swift */; };
		C1B299882F3A1CA600E4E57D /* Destination.swift in Sources */ = {isa = PBXBuildFile; fileRef = C1B299832F3A1CA600E4E57D /* Destination.swift */; };
		C1B299922F3A25C500E4E57D /* AuthViewModel.swift in Sources */ = {isa = PBXBuildFile; fileRef = C1B2998C2F3A25C500E4E57D /* AuthViewModel.swift */; };
		C1B299932F3A25C500E4E57D /* FirebaseAuthService.swift in Sources */ = {isa = PBXBuildFile; fileRef = C1B2998A2F3A25C500E4E57D /* FirebaseAuthService.swift */; };
		C1B299942F3A25C500E4E57D /* SignupView.swift in Sources */ = {isa = PBXBuildFile; fileRef = C1B2998F2F3A25C500E4E57D /* SignupView.swift */; };
		C1B299952F3A25C500E4E57D /* LoginView.swift in Sources */ = {isa = PBXBuildFile; fileRef = C1B2998E2F3A25C500E4E57D /* LoginView.swift */; };
		C1B299962F3A25C500E4E57D /* AuthService.swift in Sources */ = {isa = PBXBuildFile; fileRef = C1B299892F3A25C500E4E57D /* AuthService.swift */; };
/* End PBXBuildFile section */

/* Begin PBXFileReference section */
		C115D6432F37C84100A918C5 /* ChatViewApp.swift */ = {isa = PBXFileReference; lastKnownFileType = sourcecode.swift; path = ChatViewApp.swift; sourceTree = "<group>"; };
		C115D6442F37C84100A918C5 /* ContentView.swift */ = {isa = PBXFileReference; lastKnownFileType = sourcecode.swift; path = ContentView.swift; sourceTree = "<group>"; };
		C115D64C2F37C84100A918C5 /* Item.swift */ = {isa = PBXFileReference; lastKnownFileType = sourcecode.swift; path = Item.swift; sourceTree = "<group>"; };
		C115D6502F37C84100A918C5 /* Assets.xcassets */ = {isa = PBXFileReference; lastKnownFileType = folder.assetcatalog; path = Assets.xcassets; sourceTree = "<group>"; };
		C115D65E2F387A2600A918C5 /* ChatModels.swift */ = {isa = PBXFileReference; lastKnownFileType = sourcecode.swift; path = ChatModels.swift; sourceTree = "<group>"; };
		C115D6612F387A2600A918C5 /* ChatService.swift */ = {isa = PBXFileReference; lastKnownFileType = sourcecode.swift; path = ChatService.swift; sourceTree = "<group>"; };
		C115D6622F387A2600A918C5 /* MockChatService.swift */ = {isa = PBXFileReference; lastKnownFileType = sourcecode.swift; path = MockChatService.swift; sourceTree = "<group>"; };
		C115D6642F387A2600A918C5 /* ChatConstants.swift */ = {isa = PBXFileReference; lastKnownFileType = sourcecode.swift; path = ChatConstants.swift; sourceTree = "<group>"; };
		C115D6662F387A2600A918C5 /* ChatListViewModel.swift */ = {isa = PBXFileReference; lastKnownFileType = sourcecode.swift; path = ChatListViewModel.swift; sourceTree = "<group>"; };
		C115D6672F387A2600A918C5 /* ChatViewModel.swift */ = {isa = PBXFileReference; lastKnownFileType = sourcecode.swift; path = ChatViewModel.swift; sourceTree = "<group>"; };
		C115D6692F387A2600A918C5 /* ChatDetailView.swift */ = {isa = PBXFileReference; lastKnownFileType = sourcecode.swift; path = ChatDetailView.swift; sourceTree = "<group>"; };
		C115D66A2F387A2600A918C5 /* ChatInputView.swift */ = {isa = PBXFileReference; lastKnownFileType = sourcecode.swift; path = ChatInputView.swift; sourceTree = "<group>"; };
		C115D66B2F387A2600A918C5 /* ChatListView.swift */ = {isa = PBXFileReference; lastKnownFileType = sourcecode.swift; path = ChatListView.swift; sourceTree = "<group>"; };
		C115D66C2F387A2600A918C5 /* GroupChatCreationView.swift */ = {isa = PBXFileReference; lastKnownFileType = sourcecode.swift; path = GroupChatCreationView.swift; sourceTree = "<group>"; };
		C115D66D2F387A2600A918C5 /* MediaPreviewView.swift */ = {isa = PBXFileReference; lastKnownFileType = sourcecode.swift; path = MediaPreviewView.swift; sourceTree = "<group>"; };
		C115D66E2F387A2600A918C5 /* MessageBubbleView.swift */ = {isa = PBXFileReference; lastKnownFileType = sourcecode.swift; path = MessageBubbleView.swift; sourceTree = "<group>"; };
		C1A2BBF12F37C4AE00F2F7D7 /* ChatView.app */ = {isa = PBXFileReference; explicitFileType = wrapper.application; includeInIndex = 0; path = ChatView.app; sourceTree = BUILT_PRODUCTS_DIR; };
		C1B298FA2F3882AB00E4E57D /* GoogleService-Info.plist */ = {isa = PBXFileReference; lastKnownFileType = text.plist.xml; path = "GoogleService-Info.plist"; sourceTree = "<group>"; };
		C1B299672F39958400E4E57D /* FirebaseChatService.swift */ = {isa = PBXFileReference; lastKnownFileType = sourcecode.swift; path = FirebaseChatService.swift; sourceTree = "<group>"; };
		C1B2996D2F3A079500E4E57D /* ChatCardView.swift */ = {isa = PBXFileReference; lastKnownFileType = sourcecode.swift; path = ChatCardView.swift; sourceTree = "<group>"; };
		C1B299832F3A1CA600E4E57D /* Destination.swift */ = {isa = PBXFileReference; lastKnownFileType = sourcecode.swift; path = Destination.swift; sourceTree = "<group>"; };
		C1B299842F3A1CA600E4E57D /* NavigationCoordinator.swift */ = {isa = PBXFileReference; lastKnownFileType = sourcecode.swift; path = NavigationCoordinator.swift; sourceTree = "<group>"; };
		C1B299852F3A1CA600E4E57D /* NavigationRoot.swift */ = {isa = PBXFileReference; lastKnownFileType = sourcecode.swift; path = NavigationRoot.swift; sourceTree = "<group>"; };
		C1B299892F3A25C500E4E57D /* AuthService.swift */ = {isa = PBXFileReference; lastKnownFileType = sourcecode.swift; path = AuthService.swift; sourceTree = "<group>"; };
		C1B2998A2F3A25C500E4E57D /* FirebaseAuthService.swift */ = {isa = PBXFileReference; lastKnownFileType = sourcecode.swift; path = FirebaseAuthService.swift; sourceTree = "<group>"; };
		C1B2998C2F3A25C500E4E57D /* AuthViewModel.swift */ = {isa = PBXFileReference; lastKnownFileType = sourcecode.swift; path = AuthViewModel.swift; sourceTree = "<group>"; };
		C1B2998E2F3A25C500E4E57D /* LoginView.swift */ = {isa = PBXFileReference; lastKnownFileType = sourcecode.swift; path = LoginView.swift; sourceTree = "<group>"; };
		C1B2998F2F3A25C500E4E57D /* SignupView.swift */ = {isa = PBXFileReference; lastKnownFileType = sourcecode.swift; path = SignupView.swift; sourceTree = "<group>"; };
/* End PBXFileReference section */

/* Begin PBXFrameworksBuildPhase section */
		C1A2BBEE2F37C4AE00F2F7D7 /* Frameworks */ = {
			isa = PBXFrameworksBuildPhase;
			buildActionMask = 2147483647;
			files = (
				C1B299442F39950100E4E57D /* FirebaseAppDistribution-Beta in Frameworks */,
				C1B299502F39950100E4E57D /* FirebaseFirestore in Frameworks */,
				C1B299482F39950100E4E57D /* FirebaseAuthCombine-Community in Frameworks */,
				C1B2995A2F39950100E4E57D /* FirebaseInstallations in Frameworks */,
				C1B2993A2F39950100E4E57D /* FirebaseAILogic in Frameworks */,
				C1B299402F39950100E4E57D /* FirebaseAnalyticsIdentitySupport in Frameworks */,
				C1B299382F39950100E4E57D /* FirebaseAI in Frameworks */,
				C1B2994C2F39950100E4E57D /* FirebaseCrashlytics in Frameworks */,
				C1B299562F39950100E4E57D /* FirebaseFunctionsCombine-Community in Frameworks */,
				C1B299662F39950100E4E57D /* FirebaseStorageCombine-Community in Frameworks */,
				C1B2994E2F39950100E4E57D /* FirebaseDatabase in Frameworks */,
				C1B299642F39950100E4E57D /* FirebaseStorage in Frameworks */,
				C1B299622F39950100E4E57D /* FirebaseRemoteConfig in Frameworks */,
				C1B2993C2F39950100E4E57D /* FirebaseAnalytics in Frameworks */,
				C1B2995E2F39950100E4E57D /* FirebaseMessaging in Frameworks */,
				C1B2995C2F39950100E4E57D /* FirebaseMLModelDownloader in Frameworks */,
				C1B299602F39950100E4E57D /* FirebasePerformance in Frameworks */,
				C1B2994A2F39950100E4E57D /* FirebaseCore in Frameworks */,
				C1B299422F39950100E4E57D /* FirebaseAppCheck in Frameworks */,
				C1B2993E2F39950100E4E57D /* FirebaseAnalyticsCore in Frameworks */,
				C1B299542F39950100E4E57D /* FirebaseFunctions in Frameworks */,
				C1B299462F39950100E4E57D /* FirebaseAuth in Frameworks */,
				C1B299522F39950100E4E57D /* FirebaseFirestoreCombine-Community in Frameworks */,
			);
			runOnlyForDeploymentPostprocessing = 0;
		};
/* End PBXFrameworksBuildPhase section */

/* Begin PBXGroup section */
		C115D6452F37C84100A918C5 /* App */ = {
			isa = PBXGroup;
			children = (
				C115D6432F37C84100A918C5 /* ChatViewApp.swift */,
				C115D6442F37C84100A918C5 /* ContentView.swift */,
			);
			path = App;
			sourceTree = "<group>";
		};
		C115D6462F37C84100A918C5 /* Constants */ = {
			isa = PBXGroup;
			children = (
			);
			path = Constants;
			sourceTree = "<group>";
		};
		C115D6472F37C84100A918C5 /* Extensions */ = {
			isa = PBXGroup;
			children = (
			);
			path = Extensions;
			sourceTree = "<group>";
		};
		C115D6482F37C84100A918C5 /* Utilities */ = {
			isa = PBXGroup;
			children = (
			);
			path = Utilities;
			sourceTree = "<group>";
		};
		C115D6492F37C84100A918C5 /* Core */ = {
			isa = PBXGroup;
			children = (
				C115D6462F37C84100A918C5 /* Constants */,
				C115D6472F37C84100A918C5 /* Extensions */,
				C115D6482F37C84100A918C5 /* Utilities */,
			);
			path = Core;
			sourceTree = "<group>";
		};
		C115D64B2F37C84100A918C5 /* Home */ = {
			isa = PBXGroup;
			children = (
			);
			path = Home;
			sourceTree = "<group>";
		};
		C115D64D2F37C84100A918C5 /* Models */ = {
			isa = PBXGroup;
			children = (
				C115D64C2F37C84100A918C5 /* Item.swift */,
			);
			path = Models;
			sourceTree = "<group>";
		};
		C115D64E2F37C84100A918C5 /* Shared */ = {
			isa = PBXGroup;
			children = (
				C115D64D2F37C84100A918C5 /* Models */,
			);
			path = Shared;
			sourceTree = "<group>";
		};
		C115D64F2F37C84100A918C5 /* Features */ = {
			isa = PBXGroup;
			children = (
				C1B299912F3A25C500E4E57D /* Auth */,
				C115D6702F387A2600A918C5 /* Chat */,
				C115D64B2F37C84100A918C5 /* Home */,
				C115D64E2F37C84100A918C5 /* Shared */,
			);
			path = Features;
			sourceTree = "<group>";
		};
		C115D6512F37C84100A918C5 /* Resources */ = {
			isa = PBXGroup;
			children = (
				C115D6502F37C84100A918C5 /* Assets.xcassets */,
			);
			path = Resources;
			sourceTree = "<group>";
		};
		C115D6522F37C84100A918C5 /* ChatView */ = {
			isa = PBXGroup;
			children = (
				C115D6452F37C84100A918C5 /* App */,
				C115D6492F37C84100A918C5 /* Core */,
				C115D64F2F37C84100A918C5 /* Features */,
				C1B298F62F38818800E4E57D /* Utilities */,
				C115D6512F37C84100A918C5 /* Resources */,
			);
			path = ChatView;
			sourceTree = "<group>";
		};
		C115D65F2F387A2600A918C5 /* Models */ = {
			isa = PBXGroup;
			children = (
				C115D65E2F387A2600A918C5 /* ChatModels.swift */,
			);
			path = Models;
			sourceTree = "<group>";
		};
		C115D6602F387A2600A918C5 /* Resources */ = {
			isa = PBXGroup;
			children = (
			);
			path = Resources;
			sourceTree = "<group>";
		};
		C115D6632F387A2600A918C5 /* Services */ = {
			isa = PBXGroup;
			children = (
				C1B299672F39958400E4E57D /* FirebaseChatService.swift */,
				C115D6612F387A2600A918C5 /* ChatService.swift */,
				C115D6622F387A2600A918C5 /* MockChatService.swift */,
			);
			path = Services;
			sourceTree = "<group>";
		};
		C115D6652F387A2600A918C5 /* Utilities */ = {
			isa = PBXGroup;
			children = (
				C115D6642F387A2600A918C5 /* ChatConstants.swift */,
			);
			path = Utilities;
			sourceTree = "<group>";
		};
		C115D6682F387A2600A918C5 /* ViewModels */ = {
			isa = PBXGroup;
			children = (
				C115D6662F387A2600A918C5 /* ChatListViewModel.swift */,
				C115D6672F387A2600A918C5 /* ChatViewModel.swift */,
			);
			path = ViewModels;
			sourceTree = "<group>";
		};
		C115D66F2F387A2600A918C5 /* Views */ = {
			isa = PBXGroup;
			children = (
				C115D6692F387A2600A918C5 /* ChatDetailView.swift */,
				C115D66A2F387A2600A918C5 /* ChatInputView.swift */,
				C115D66B2F387A2600A918C5 /* ChatListView.swift */,
				C115D66C2F387A2600A918C5 /* GroupChatCreationView.swift */,
				C115D66D2F387A2600A918C5 /* MediaPreviewView.swift */,
				C115D66E2F387A2600A918C5 /* MessageBubbleView.swift */,
			);
			path = Views;
			sourceTree = "<group>";
		};
		C115D6702F387A2600A918C5 /* Chat */ = {
			isa = PBXGroup;
			children = (
				C1B2996C2F3A075D00E4E57D /* CustomComponents */,
				C115D65F2F387A2600A918C5 /* Models */,
				C115D6602F387A2600A918C5 /* Resources */,
				C115D6632F387A2600A918C5 /* Services */,
				C115D6652F387A2600A918C5 /* Utilities */,
				C115D6682F387A2600A918C5 /* ViewModels */,
				C115D66F2F387A2600A918C5 /* Views */,
			);
			path = Chat;
			sourceTree = "<group>";
		};
		C1A2BBE82F37C4AE00F2F7D7 = {
			isa = PBXGroup;
			children = (
				C115D6522F37C84100A918C5 /* ChatView */,
				C1A2BBF22F37C4AE00F2F7D7 /* Products */,
			);
			sourceTree = "<group>";
		};
		C1A2BBF22F37C4AE00F2F7D7 /* Products */ = {
			isa = PBXGroup;
			children = (
				C1A2BBF12F37C4AE00F2F7D7 /* ChatView.app */,
			);
			name = Products;
			sourceTree = "<group>";
		};
		C1B298F62F38818800E4E57D /* Utilities */ = {
			isa = PBXGroup;
			children = (
				C1B299822F3A1C8600E4E57D /* Navigations */,
				C1B298F72F38819900E4E57D /* FireBase */,
			);
			path = Utilities;
			sourceTree = "<group>";
		};
		C1B298F72F38819900E4E57D /* FireBase */ = {
			isa = PBXGroup;
			children = (
				C1B298FA2F3882AB00E4E57D /* GoogleService-Info.plist */,
			);
			path = FireBase;
			sourceTree = "<group>";
		};
		C1B2996C2F3A075D00E4E57D /* CustomComponents */ = {
			isa = PBXGroup;
			children = (
				C1B2996D2F3A079500E4E57D /* ChatCardView.swift */,
			);
			path = CustomComponents;
			sourceTree = "<group>";
		};
		C1B299822F3A1C8600E4E57D /* Navigations */ = {
			isa = PBXGroup;
			children = (
				C1B299832F3A1CA600E4E57D /* Destination.swift */,
				C1B299842F3A1CA600E4E57D /* NavigationCoordinator.swift */,
				C1B299852F3A1CA600E4E57D /* NavigationRoot.swift */,
			);
			path = Navigations;
			sourceTree = "<group>";
		};
		C1B2998B2F3A25C500E4E57D /* Services */ = {
			isa = PBXGroup;
			children = (
				C1B299892F3A25C500E4E57D /* AuthService.swift */,
				C1B2998A2F3A25C500E4E57D /* FirebaseAuthService.swift */,
			);
			path = Services;
			sourceTree = "<group>";
		};
		C1B2998D2F3A25C500E4E57D /* ViewModels */ = {
			isa = PBXGroup;
			children = (
				C1B2998C2F3A25C500E4E57D /* AuthViewModel.swift */,
			);
			path = ViewModels;
			sourceTree = "<group>";
		};
		C1B299902F3A25C500E4E57D /* Views */ = {
			isa = PBXGroup;
			children = (
				C1B2998E2F3A25C500E4E57D /* LoginView.swift */,
				C1B2998F2F3A25C500E4E57D /* SignupView.swift */,
			);
			path = Views;
			sourceTree = "<group>";
		};
		C1B299912F3A25C500E4E57D /* Auth */ = {
			isa = PBXGroup;
			children = (
				C1B2998B2F3A25C500E4E57D /* Services */,
				C1B2998D2F3A25C500E4E57D /* ViewModels */,
				C1B299902F3A25C500E4E57D /* Views */,
			);
			path = Auth;
			sourceTree = "<group>";
		};
/* End PBXGroup section */

/* Begin PBXNativeTarget section */
		C1A2BBF02F37C4AE00F2F7D7 /* ChatView */ = {
			isa = PBXNativeTarget;
			buildConfigurationList = C1A2BBFE2F37C4AF00F2F7D7 /* Build configuration list for PBXNativeTarget "ChatView" */;
			buildPhases = (
				C1A2BBED2F37C4AE00F2F7D7 /* Sources */,
				C1A2BBEE2F37C4AE00F2F7D7 /* Frameworks */,
				C1A2BBEF2F37C4AE00F2F7D7 /* Resources */,
			);
			buildRules = (
			);
			dependencies = (
			);
			name = ChatView;
			packageProductDependencies = (
				C1B299372F39950100E4E57D /* FirebaseAI */,
				C1B299392F39950100E4E57D /* FirebaseAILogic */,
				C1B2993B2F39950100E4E57D /* FirebaseAnalytics */,
				C1B2993D2F39950100E4E57D /* FirebaseAnalyticsCore */,
				C1B2993F2F39950100E4E57D /* FirebaseAnalyticsIdentitySupport */,
				C1B299412F39950100E4E57D /* FirebaseAppCheck */,
				C1B299432F39950100E4E57D /* FirebaseAppDistribution-Beta */,
				C1B299452F39950100E4E57D /* FirebaseAuth */,
				C1B299472F39950100E4E57D /* FirebaseAuthCombine-Community */,
				C1B299492F39950100E4E57D /* FirebaseCore */,
				C1B2994B2F39950100E4E57D /* FirebaseCrashlytics */,
				C1B2994D2F39950100E4E57D /* FirebaseDatabase */,
				C1B2994F2F39950100E4E57D /* FirebaseFirestore */,
				C1B299512F39950100E4E57D /* FirebaseFirestoreCombine-Community */,
				C1B299532F39950100E4E57D /* FirebaseFunctions */,
				C1B299552F39950100E4E57D /* FirebaseFunctionsCombine-Community */,
				C1B299592F39950100E4E57D /* FirebaseInstallations */,
				C1B2995B2F39950100E4E57D /* FirebaseMLModelDownloader */,
				C1B2995D2F39950100E4E57D /* FirebaseMessaging */,
				C1B2995F2F39950100E4E57D /* FirebasePerformance */,
				C1B299612F39950100E4E57D /* FirebaseRemoteConfig */,
				C1B299632F39950100E4E57D /* FirebaseStorage */,
				C1B299652F39950100E4E57D /* FirebaseStorageCombine-Community */,
			);
			productName = ChatView;
			productReference = C1A2BBF12F37C4AE00F2F7D7 /* ChatView.app */;
			productType = "com.apple.product-type.application";
		};
/* End PBXNativeTarget section */

/* Begin PBXProject section */
		C1A2BBE92F37C4AE00F2F7D7 /* Project object */ = {
			isa = PBXProject;
			attributes = {
				BuildIndependentTargetsInParallel = 1;
				LastSwiftUpdateCheck = 2620;
				LastUpgradeCheck = 2620;
				TargetAttributes = {
					C1A2BBF02F37C4AE00F2F7D7 = {
						CreatedOnToolsVersion = 26.2;
					};
				};
			};
			buildConfigurationList = C1A2BBEC2F37C4AE00F2F7D7 /* Build configuration list for PBXProject "ChatView" */;
			developmentRegion = en;
			hasScannedForEncodings = 0;
			knownRegions = (
				en,
				Base,
			);
			mainGroup = C1A2BBE82F37C4AE00F2F7D7;
			minimizedProjectReferenceProxies = 1;
			packageReferences = (
				C1B299362F39950100E4E57D /* XCRemoteSwiftPackageReference "firebase-ios-sdk" */,
			);
			preferredProjectObjectVersion = 77;
			productRefGroup = C1A2BBF22F37C4AE00F2F7D7 /* Products */;
			projectDirPath = "";
			projectRoot = "";
			targets = (
				C1A2BBF02F37C4AE00F2F7D7 /* ChatView */,
			);
		};
/* End PBXProject section */

/* Begin PBXResourcesBuildPhase section */
		C1A2BBEF2F37C4AE00F2F7D7 /* Resources */ = {
			isa = PBXResourcesBuildPhase;
			buildActionMask = 2147483647;
			files = (
				C115D6562F37C84100A918C5 /* Assets.xcassets in Resources */,
				C1B298FB2F3882AB00E4E57D /* GoogleService-Info.plist in Resources */,
			);
			runOnlyForDeploymentPostprocessing = 0;
		};
/* End PBXResourcesBuildPhase section */

/* Begin PBXSourcesBuildPhase section */
		C1A2BBED2F37C4AE00F2F7D7 /* Sources */ = {
			isa = PBXSourcesBuildPhase;
			buildActionMask = 2147483647;
			files = (
				C115D6532F37C84100A918C5 /* ChatViewApp.swift in Sources */,
				C115D6542F37C84100A918C5 /* ContentView.swift in Sources */,
				C115D6552F37C84100A918C5 /* Item.swift in Sources */,
				C115D6712F387A2600A918C5 /* ChatInputView.swift in Sources */,
				C115D6722F387A2600A918C5 /* ChatConstants.swift in Sources */,
				C115D6732F387A2600A918C5 /* ChatListView.swift in Sources */,
				C1B299682F39958400E4E57D /* FirebaseChatService.swift in Sources */,
				C115D6742F387A2600A918C5 /* ChatListViewModel.swift in Sources */,
				C1B2996E2F3A079500E4E57D /* ChatCardView.swift in Sources */,
				C115D6752F387A2600A918C5 /* ChatModels.swift in Sources */,
				C115D6762F387A2600A918C5 /* ChatService.swift in Sources */,
				C115D6772F387A2600A918C5 /* MediaPreviewView.swift in Sources */,
				C1B299922F3A25C500E4E57D /* AuthViewModel.swift in Sources */,
				C1B299932F3A25C500E4E57D /* FirebaseAuthService.swift in Sources */,
				C1B299942F3A25C500E4E57D /* SignupView.swift in Sources */,
				C1B299952F3A25C500E4E57D /* LoginView.swift in Sources */,
				C1B299962F3A25C500E4E57D /* AuthService.swift in Sources */,
				C115D6782F387A2600A918C5 /* ChatViewModel.swift in Sources */,
				C1B299862F3A1CA600E4E57D /* NavigationCoordinator.swift in Sources */,
				C1B299872F3A1CA600E4E57D /* NavigationRoot.swift in Sources */,
				C1B299882F3A1CA600E4E57D /* Destination.swift in Sources */,
				C115D6792F387A2600A918C5 /* ChatDetailView.swift in Sources */,
				C115D67A2F387A2600A918C5 /* MessageBubbleView.swift in Sources */,
				C115D67B2F387A2600A918C5 /* GroupChatCreationView.swift in Sources */,
				C115D67C2F387A2600A918C5 /* MockChatService.swift in Sources */,
			);
			runOnlyForDeploymentPostprocessing = 0;
		};
/* End PBXSourcesBuildPhase section */

/* Begin XCBuildConfiguration section */
		C1A2BBFC2F37C4AF00F2F7D7 /* Debug */ = {
			isa = XCBuildConfiguration;
			buildSettings = {
				ALWAYS_SEARCH_USER_PATHS = NO;
				ASSETCATALOG_COMPILER_GENERATE_SWIFT_ASSET_SYMBOL_EXTENSIONS = YES;
				CLANG_ANALYZER_NONNULL = YES;
				CLANG_ANALYZER_NUMBER_OBJECT_CONVERSION = YES_AGGRESSIVE;
				CLANG_CXX_LANGUAGE_STANDARD = "gnu++20";
				CLANG_ENABLE_MODULES = YES;
				CLANG_ENABLE_OBJC_ARC = YES;
				CLANG_ENABLE_OBJC_WEAK = YES;
				CLANG_WARN_BLOCK_CAPTURE_AUTORELEASING = YES;
				CLANG_WARN_BOOL_CONVERSION = YES;
				CLANG_WARN_COMMA = YES;
				CLANG_WARN_CONSTANT_CONVERSION = YES;
				CLANG_WARN_DEPRECATED_OBJC_IMPLEMENTATIONS = YES;
				CLANG_WARN_DIRECT_OBJC_ISA_USAGE = YES_ERROR;
				CLANG_WARN_DOCUMENTATION_COMMENTS = YES;
				CLANG_WARN_EMPTY_BODY = YES;
				CLANG_WARN_ENUM_CONVERSION = YES;
				CLANG_WARN_INFINITE_RECURSION = YES;
				CLANG_WARN_INT_CONVERSION = YES;
				CLANG_WARN_NON_LITERAL_NULL_CONVERSION = YES;
				CLANG_WARN_OBJC_IMPLICIT_RETAIN_SELF = YES;
				CLANG_WARN_OBJC_LITERAL_CONVERSION = YES;
				CLANG_WARN_OBJC_ROOT_CLASS = YES_ERROR;
				CLANG_WARN_QUOTED_INCLUDE_IN_FRAMEWORK_HEADER = YES;
				CLANG_WARN_RANGE_LOOP_ANALYSIS = YES;
				CLANG_WARN_STRICT_PROTOTYPES = YES;
				CLANG_WARN_SUSPICIOUS_MOVE = YES;
				CLANG_WARN_UNGUARDED_AVAILABILITY = YES_AGGRESSIVE;
				CLANG_WARN_UNREACHABLE_CODE = YES;
				CLANG_WARN__DUPLICATE_METHOD_MATCH = YES;
				COPY_PHASE_STRIP = NO;
				DEBUG_INFORMATION_FORMAT = dwarf;
				DEVELOPMENT_TEAM = MLXLC7R23B;
				ENABLE_STRICT_OBJC_MSGSEND = YES;
				ENABLE_TESTABILITY = YES;
				ENABLE_USER_SCRIPT_SANDBOXING = YES;
				GCC_C_LANGUAGE_STANDARD = gnu17;
				GCC_DYNAMIC_NO_PIC = NO;
				GCC_NO_COMMON_BLOCKS = YES;
				GCC_OPTIMIZATION_LEVEL = 0;
				GCC_PREPROCESSOR_DEFINITIONS = (
					"DEBUG=1",
					"$(inherited)",
				);
				GCC_WARN_64_TO_32_BIT_CONVERSION = YES;
				GCC_WARN_ABOUT_RETURN_TYPE = YES_ERROR;
				GCC_WARN_UNDECLARED_SELECTOR = YES;
				GCC_WARN_UNINITIALIZED_AUTOS = YES_AGGRESSIVE;
				GCC_WARN_UNUSED_FUNCTION = YES;
				GCC_WARN_UNUSED_VARIABLE = YES;
				LOCALIZATION_PREFERS_STRING_CATALOGS = YES;
				MTL_ENABLE_DEBUG_INFO = INCLUDE_SOURCE;
				MTL_FAST_MATH = YES;
				ONLY_ACTIVE_ARCH = YES;
				SWIFT_ACTIVE_COMPILATION_CONDITIONS = "DEBUG $(inherited)";
				SWIFT_OPTIMIZATION_LEVEL = "-Onone";
			};
			name = Debug;
		};
		C1A2BBFD2F37C4AF00F2F7D7 /* Release */ = {
			isa = XCBuildConfiguration;
			buildSettings = {
				ALWAYS_SEARCH_USER_PATHS = NO;
				ASSETCATALOG_COMPILER_GENERATE_SWIFT_ASSET_SYMBOL_EXTENSIONS = YES;
				CLANG_ANALYZER_NONNULL = YES;
				CLANG_ANALYZER_NUMBER_OBJECT_CONVERSION = YES_AGGRESSIVE;
				CLANG_CXX_LANGUAGE_STANDARD = "gnu++20";
				CLANG_ENABLE_MODULES = YES;
				CLANG_ENABLE_OBJC_ARC = YES;
				CLANG_ENABLE_OBJC_WEAK = YES;
				CLANG_WARN_BLOCK_CAPTURE_AUTORELEASING = YES;
				CLANG_WARN_BOOL_CONVERSION = YES;
				CLANG_WARN_COMMA = YES;
				CLANG_WARN_CONSTANT_CONVERSION = YES;
				CLANG_WARN_DEPRECATED_OBJC_IMPLEMENTATIONS = YES;
				CLANG_WARN_DIRECT_OBJC_ISA_USAGE = YES_ERROR;
				CLANG_WARN_DOCUMENTATION_COMMENTS = YES;
				CLANG_WARN_EMPTY_BODY = YES;
				CLANG_WARN_ENUM_CONVERSION = YES;
				CLANG_WARN_INFINITE_RECURSION = YES;
				CLANG_WARN_INT_CONVERSION = YES;
				CLANG_WARN_NON_LITERAL_NULL_CONVERSION = YES;
				CLANG_WARN_OBJC_IMPLICIT_RETAIN_SELF = YES;
				CLANG_WARN_OBJC_LITERAL_CONVERSION = YES;
				CLANG_WARN_OBJC_ROOT_CLASS = YES_ERROR;
				CLANG_WARN_QUOTED_INCLUDE_IN_FRAMEWORK_HEADER = YES;
				CLANG_WARN_RANGE_LOOP_ANALYSIS = YES;
				CLANG_WARN_STRICT_PROTOTYPES = YES;
				CLANG_WARN_SUSPICIOUS_MOVE = YES;
				CLANG_WARN_UNGUARDED_AVAILABILITY = YES_AGGRESSIVE;
				CLANG_WARN_UNREACHABLE_CODE = YES;
				CLANG_WARN__DUPLICATE_METHOD_MATCH = YES;
				COPY_PHASE_STRIP = NO;
				DEBUG_INFORMATION_FORMAT = "dwarf-with-dsym";
				DEVELOPMENT_TEAM = MLXLC7R23B;
				ENABLE_NS_ASSERTIONS = NO;
				ENABLE_STRICT_OBJC_MSGSEND = YES;
				ENABLE_USER_SCRIPT_SANDBOXING = YES;
				GCC_C_LANGUAGE_STANDARD = gnu17;
				GCC_NO_COMMON_BLOCKS = YES;
				GCC_WARN_64_TO_32_BIT_CONVERSION = YES;
				GCC_WARN_ABOUT_RETURN_TYPE = YES_ERROR;
				GCC_WARN_UNDECLARED_SELECTOR = YES;
				GCC_WARN_UNINITIALIZED_AUTOS = YES_AGGRESSIVE;
				GCC_WARN_UNUSED_FUNCTION = YES;
				GCC_WARN_UNUSED_VARIABLE = YES;
				LOCALIZATION_PREFERS_STRING_CATALOGS = YES;
				MTL_ENABLE_DEBUG_INFO = NO;
				MTL_FAST_MATH = YES;
				SWIFT_COMPILATION_MODE = wholemodule;
			};
			name = Release;
		};
		C1A2BBFF2F37C4AF00F2F7D7 /* Debug */ = {
			isa = XCBuildConfiguration;
			buildSettings = {
				ASSETCATALOG_COMPILER_APPICON_NAME = AppIcon;
				ASSETCATALOG_COMPILER_GLOBAL_ACCENT_COLOR_NAME = AccentColor;
				CODE_SIGN_STYLE = Automatic;
				CURRENT_PROJECT_VERSION = 1;
				DEVELOPMENT_TEAM = MLXLC7R23B;
				ENABLE_APP_SANDBOX = YES;
				ENABLE_HARDENED_RUNTIME = YES;
				ENABLE_PREVIEWS = YES;
				ENABLE_USER_SELECTED_FILES = readonly;
				GENERATE_INFOPLIST_FILE = YES;
				"INFOPLIST_KEY_UIApplicationSceneManifest_Generation[sdk=iphoneos*]" = YES;
				"INFOPLIST_KEY_UIApplicationSceneManifest_Generation[sdk=iphonesimulator*]" = YES;
				"INFOPLIST_KEY_UIApplicationSupportsIndirectInputEvents[sdk=iphoneos*]" = YES;
				"INFOPLIST_KEY_UIApplicationSupportsIndirectInputEvents[sdk=iphonesimulator*]" = YES;
				"INFOPLIST_KEY_UILaunchScreen_Generation[sdk=iphoneos*]" = YES;
				"INFOPLIST_KEY_UILaunchScreen_Generation[sdk=iphonesimulator*]" = YES;
				"INFOPLIST_KEY_UIStatusBarStyle[sdk=iphoneos*]" = UIStatusBarStyleDefault;
				"INFOPLIST_KEY_UIStatusBarStyle[sdk=iphonesimulator*]" = UIStatusBarStyleDefault;
				INFOPLIST_KEY_UISupportedInterfaceOrientations_iPad = "UIInterfaceOrientationPortrait UIInterfaceOrientationPortraitUpsideDown UIInterfaceOrientationLandscapeLeft UIInterfaceOrientationLandscapeRight";
				INFOPLIST_KEY_UISupportedInterfaceOrientations_iPhone = "UIInterfaceOrientationPortrait UIInterfaceOrientationLandscapeLeft UIInterfaceOrientationLandscapeRight";
				IPHONEOS_DEPLOYMENT_TARGET = 18.6;
				LD_RUNPATH_SEARCH_PATHS = "@executable_path/Frameworks";
				"LD_RUNPATH_SEARCH_PATHS[sdk=macosx*]" = "@executable_path/../Frameworks";
				MACOSX_DEPLOYMENT_TARGET = 26.2;
				MARKETING_VERSION = 1.0;
				PRODUCT_BUNDLE_IDENTIFIER = dev.ChatView;
				PRODUCT_NAME = "$(TARGET_NAME)";
				REGISTER_APP_GROUPS = YES;
				SDKROOT = auto;
				STRING_CATALOG_GENERATE_SYMBOLS = YES;
				SUPPORTED_PLATFORMS = "iphoneos iphonesimulator";
				SUPPORTS_MACCATALYST = NO;
				SWIFT_APPROACHABLE_CONCURRENCY = YES;
				SWIFT_DEFAULT_ACTOR_ISOLATION = MainActor;
				SWIFT_EMIT_LOC_STRINGS = YES;
				SWIFT_UPCOMING_FEATURE_MEMBER_IMPORT_VISIBILITY = YES;
				SWIFT_VERSION = 5.0;
				TARGETED_DEVICE_FAMILY = "1,2";
				XROS_DEPLOYMENT_TARGET = 26.2;
			};
			name = Debug;
		};
		C1A2BC002F37C4AF00F2F7D7 /* Release */ = {
			isa = XCBuildConfiguration;
			buildSettings = {
				ASSETCATALOG_COMPILER_APPICON_NAME = AppIcon;
				ASSETCATALOG_COMPILER_GLOBAL_ACCENT_COLOR_NAME = AccentColor;
				CODE_SIGN_STYLE = Automatic;
				CURRENT_PROJECT_VERSION = 1;
				DEVELOPMENT_TEAM = MLXLC7R23B;
				ENABLE_APP_SANDBOX = YES;
				ENABLE_HARDENED_RUNTIME = YES;
				ENABLE_PREVIEWS = YES;
				ENABLE_USER_SELECTED_FILES = readonly;
				GENERATE_INFOPLIST_FILE = YES;
				"INFOPLIST_KEY_UIApplicationSceneManifest_Generation[sdk=iphoneos*]" = YES;
				"INFOPLIST_KEY_UIApplicationSceneManifest_Generation[sdk=iphonesimulator*]" = YES;
				"INFOPLIST_KEY_UIApplicationSupportsIndirectInputEvents[sdk=iphoneos*]" = YES;
				"INFOPLIST_KEY_UIApplicationSupportsIndirectInputEvents[sdk=iphonesimulator*]" = YES;
				"INFOPLIST_KEY_UILaunchScreen_Generation[sdk=iphoneos*]" = YES;
				"INFOPLIST_KEY_UILaunchScreen_Generation[sdk=iphonesimulator*]" = YES;
				"INFOPLIST_KEY_UIStatusBarStyle[sdk=iphoneos*]" = UIStatusBarStyleDefault;
				"INFOPLIST_KEY_UIStatusBarStyle[sdk=iphonesimulator*]" = UIStatusBarStyleDefault;
				INFOPLIST_KEY_UISupportedInterfaceOrientations_iPad = "UIInterfaceOrientationPortrait UIInterfaceOrientationPortraitUpsideDown UIInterfaceOrientationLandscapeLeft UIInterfaceOrientationLandscapeRight";
				INFOPLIST_KEY_UISupportedInterfaceOrientations_iPhone = "UIInterfaceOrientationPortrait UIInterfaceOrientationLandscapeLeft UIInterfaceOrientationLandscapeRight";
				IPHONEOS_DEPLOYMENT_TARGET = 18.6;
				LD_RUNPATH_SEARCH_PATHS = "@executable_path/Frameworks";
				"LD_RUNPATH_SEARCH_PATHS[sdk=macosx*]" = "@executable_path/../Frameworks";
				MACOSX_DEPLOYMENT_TARGET = 26.2;
				MARKETING_VERSION = 1.0;
				PRODUCT_BUNDLE_IDENTIFIER = dev.ChatView;
				PRODUCT_NAME = "$(TARGET_NAME)";
				REGISTER_APP_GROUPS = YES;
				SDKROOT = auto;
				STRING_CATALOG_GENERATE_SYMBOLS = YES;
				SUPPORTED_PLATFORMS = "iphoneos iphonesimulator";
				SUPPORTS_MACCATALYST = NO;
				SWIFT_APPROACHABLE_CONCURRENCY = YES;
				SWIFT_DEFAULT_ACTOR_ISOLATION = MainActor;
				SWIFT_EMIT_LOC_STRINGS = YES;
				SWIFT_UPCOMING_FEATURE_MEMBER_IMPORT_VISIBILITY = YES;
				SWIFT_VERSION = 5.0;
				TARGETED_DEVICE_FAMILY = "1,2";
				XROS_DEPLOYMENT_TARGET = 26.2;
			};
			name = Release;
		};
/* End XCBuildConfiguration section */

/* Begin XCConfigurationList section */
		C1A2BBEC2F37C4AE00F2F7D7 /* Build configuration list for PBXProject "ChatView" */ = {
			isa = XCConfigurationList;
			buildConfigurations = (
				C1A2BBFC2F37C4AF00F2F7D7 /* Debug */,
				C1A2BBFD2F37C4AF00F2F7D7 /* Release */,
			);
			defaultConfigurationIsVisible = 0;
			defaultConfigurationName = Release;
		};
		C1A2BBFE2F37C4AF00F2F7D7 /* Build configuration list for PBXNativeTarget "ChatView" */ = {
			isa = XCConfigurationList;
			buildConfigurations = (
				C1A2BBFF2F37C4AF00F2F7D7 /* Debug */,
				C1A2BC002F37C4AF00F2F7D7 /* Release */,
			);
			defaultConfigurationIsVisible = 0;
			defaultConfigurationName = Release;
		};
/* End XCConfigurationList section */

/* Begin XCRemoteSwiftPackageReference section */
		C1B299362F39950100E4E57D /* XCRemoteSwiftPackageReference "firebase-ios-sdk" */ = {
			isa = XCRemoteSwiftPackageReference;
			repositoryURL = "https://github.com/firebase/firebase-ios-sdk";
			requirement = {
				kind = upToNextMajorVersion;
				minimumVersion = 12.9.0;
			};
		};
/* End XCRemoteSwiftPackageReference section */

/* Begin XCSwiftPackageProductDependency section */
		C1B299372F39950100E4E57D /* FirebaseAI */ = {
			isa = XCSwiftPackageProductDependency;
			package = C1B299362F39950100E4E57D /* XCRemoteSwiftPackageReference "firebase-ios-sdk" */;
			productName = FirebaseAI;
		};
		C1B299392F39950100E4E57D /* FirebaseAILogic */ = {
			isa = XCSwiftPackageProductDependency;
			package = C1B299362F39950100E4E57D /* XCRemoteSwiftPackageReference "firebase-ios-sdk" */;
			productName = FirebaseAILogic;
		};
		C1B2993B2F39950100E4E57D /* FirebaseAnalytics */ = {
			isa = XCSwiftPackageProductDependency;
			package = C1B299362F39950100E4E57D /* XCRemoteSwiftPackageReference "firebase-ios-sdk" */;
			productName = FirebaseAnalytics;
		};
		C1B2993D2F39950100E4E57D /* FirebaseAnalyticsCore */ = {
			isa = XCSwiftPackageProductDependency;
			package = C1B299362F39950100E4E57D /* XCRemoteSwiftPackageReference "firebase-ios-sdk" */;
			productName = FirebaseAnalyticsCore;
		};
		C1B2993F2F39950100E4E57D /* FirebaseAnalyticsIdentitySupport */ = {
			isa = XCSwiftPackageProductDependency;
			package = C1B299362F39950100E4E57D /* XCRemoteSwiftPackageReference "firebase-ios-sdk" */;
			productName = FirebaseAnalyticsIdentitySupport;
		};
		C1B299412F39950100E4E57D /* FirebaseAppCheck */ = {
			isa = XCSwiftPackageProductDependency;
			package = C1B299362F39950100E4E57D /* XCRemoteSwiftPackageReference "firebase-ios-sdk" */;
			productName = FirebaseAppCheck;
		};
		C1B299432F39950100E4E57D /* FirebaseAppDistribution-Beta */ = {
			isa = XCSwiftPackageProductDependency;
			package = C1B299362F39950100E4E57D /* XCRemoteSwiftPackageReference "firebase-ios-sdk" */;
			productName = "FirebaseAppDistribution-Beta";
		};
		C1B299452F39950100E4E57D /* FirebaseAuth */ = {
			isa = XCSwiftPackageProductDependency;
			package = C1B299362F39950100E4E57D /* XCRemoteSwiftPackageReference "firebase-ios-sdk" */;
			productName = FirebaseAuth;
		};
		C1B299472F39950100E4E57D /* FirebaseAuthCombine-Community */ = {
			isa = XCSwiftPackageProductDependency;
			package = C1B299362F39950100E4E57D /* XCRemoteSwiftPackageReference "firebase-ios-sdk" */;
			productName = "FirebaseAuthCombine-Community";
		};
		C1B299492F39950100E4E57D /* FirebaseCore */ = {
			isa = XCSwiftPackageProductDependency;
			package = C1B299362F39950100E4E57D /* XCRemoteSwiftPackageReference "firebase-ios-sdk" */;
			productName = FirebaseCore;
		};
		C1B2994B2F39950100E4E57D /* FirebaseCrashlytics */ = {
			isa = XCSwiftPackageProductDependency;
			package = C1B299362F39950100E4E57D /* XCRemoteSwiftPackageReference "firebase-ios-sdk" */;
			productName = FirebaseCrashlytics;
		};
		C1B2994D2F39950100E4E57D /* FirebaseDatabase */ = {
			isa = XCSwiftPackageProductDependency;
			package = C1B299362F39950100E4E57D /* XCRemoteSwiftPackageReference "firebase-ios-sdk" */;
			productName = FirebaseDatabase;
		};
		C1B2994F2F39950100E4E57D /* FirebaseFirestore */ = {
			isa = XCSwiftPackageProductDependency;
			package = C1B299362F39950100E4E57D /* XCRemoteSwiftPackageReference "firebase-ios-sdk" */;
			productName = FirebaseFirestore;
		};
		C1B299512F39950100E4E57D /* FirebaseFirestoreCombine-Community */ = {
			isa = XCSwiftPackageProductDependency;
			package = C1B299362F39950100E4E57D /* XCRemoteSwiftPackageReference "firebase-ios-sdk" */;
			productName = "FirebaseFirestoreCombine-Community";
		};
		C1B299532F39950100E4E57D /* FirebaseFunctions */ = {
			isa = XCSwiftPackageProductDependency;
			package = C1B299362F39950100E4E57D /* XCRemoteSwiftPackageReference "firebase-ios-sdk" */;
			productName = FirebaseFunctions;
		};
		C1B299552F39950100E4E57D /* FirebaseFunctionsCombine-Community */ = {
			isa = XCSwiftPackageProductDependency;
			package = C1B299362F39950100E4E57D /* XCRemoteSwiftPackageReference "firebase-ios-sdk" */;
			productName = "FirebaseFunctionsCombine-Community";
		};
		C1B299592F39950100E4E57D /* FirebaseInstallations */ = {
			isa = XCSwiftPackageProductDependency;
			package = C1B299362F39950100E4E57D /* XCRemoteSwiftPackageReference "firebase-ios-sdk" */;
			productName = FirebaseInstallations;
		};
		C1B2995B2F39950100E4E57D /* FirebaseMLModelDownloader */ = {
			isa = XCSwiftPackageProductDependency;
			package = C1B299362F39950100E4E57D /* XCRemoteSwiftPackageReference "firebase-ios-sdk" */;
			productName = FirebaseMLModelDownloader;
		};
		C1B2995D2F39950100E4E57D /* FirebaseMessaging */ = {
			isa = XCSwiftPackageProductDependency;
			package = C1B299362F39950100E4E57D /* XCRemoteSwiftPackageReference "firebase-ios-sdk" */;
			productName = FirebaseMessaging;
		};
		C1B2995F2F39950100E4E57D /* FirebasePerformance */ = {
			isa = XCSwiftPackageProductDependency;
			package = C1B299362F39950100E4E57D /* XCRemoteSwiftPackageReference "firebase-ios-sdk" */;
			productName = FirebasePerformance;
		};
		C1B299612F39950100E4E57D /* FirebaseRemoteConfig */ = {
			isa = XCSwiftPackageProductDependency;
			package = C1B299362F39950100E4E57D /* XCRemoteSwiftPackageReference "firebase-ios-sdk" */;
			productName = FirebaseRemoteConfig;
		};
		C1B299632F39950100E4E57D /* FirebaseStorage */ = {
			isa = XCSwiftPackageProductDependency;
			package = C1B299362F39950100E4E57D /* XCRemoteSwiftPackageReference "firebase-ios-sdk" */;
			productName = FirebaseStorage;
		};
		C1B299652F39950100E4E57D /* FirebaseStorageCombine-Community */ = {
			isa = XCSwiftPackageProductDependency;
			package = C1B299362F39950100E4E57D /* XCRemoteSwiftPackageReference "firebase-ios-sdk" */;
			productName = "FirebaseStorageCombine-Community";
		};
/* End XCSwiftPackageProductDependency section */
	};
	rootObject = C1A2BBE92F37C4AE00F2F7D7 /* Project object */;
}
